// !$*UTF8*$!
{
	archiveVersion = 1;
	classes = {
	};
	objectVersion = 46;
	objects = {

/* Begin PBXBuildFile section */
		1D60589B0D05DD56006BFB54 /* main.m in Sources */ = {isa = PBXBuildFile; fileRef = 29B97316FDCFA39411CA2CEA /* main.m */; };
		1D60589F0D05DD5A006BFB54 /* Foundation.framework in Frameworks */ = {isa = PBXBuildFile; fileRef = 1D30AB110D05D00D00671497 /* Foundation.framework */; };
		1DF5F4E00D08C38300B7A737 /* UIKit.framework in Frameworks */ = {isa = PBXBuildFile; fileRef = 1DF5F4DF0D08C38300B7A737 /* UIKit.framework */; };
		28860BE50F44EE6400985440 /* CoreData.framework in Frameworks */ = {isa = PBXBuildFile; fileRef = 28860BE40F44EE6400985440 /* CoreData.framework */; };
		2892E4100DC94CBA00A64D0F /* CoreGraphics.framework in Frameworks */ = {isa = PBXBuildFile; fileRef = 2892E40F0DC94CBA00A64D0F /* CoreGraphics.framework */; };
		2899E5600DE3E45000AC0155 /* RootViewController.xib in Resources */ = {isa = PBXBuildFile; fileRef = 2899E55F0DE3E45000AC0155 /* RootViewController.xib */; };
		28D3F202112F7DC200FD0661 /* What__Where__How_Much.xcdatamodeld in Sources */ = {isa = PBXBuildFile; fileRef = 28D3F201112F7DC200FD0661 /* What__Where__How_Much.xcdatamodeld */; };
		3B0BFE5E150CA43700F71AB1 /* close_pressed.png in Resources */ = {isa = PBXBuildFile; fileRef = 3B0BFE5A150CA43700F71AB1 /* close_pressed.png */; };
		3B0BFE5F150CA43700F71AB1 /* close_pressed@2x.png in Resources */ = {isa = PBXBuildFile; fileRef = 3B0BFE5B150CA43700F71AB1 /* close_pressed@2x.png */; };
		3B0BFE60150CA43700F71AB1 /* close.png in Resources */ = {isa = PBXBuildFile; fileRef = 3B0BFE5C150CA43700F71AB1 /* close.png */; };
		3B0BFE61150CA43700F71AB1 /* close@2x.png in Resources */ = {isa = PBXBuildFile; fileRef = 3B0BFE5D150CA43700F71AB1 /* close@2x.png */; };
		3B200C79132CBFC4001C7168 /* QuartzCore.framework in Frameworks */ = {isa = PBXBuildFile; fileRef = 3B200C78132CBFC4001C7168 /* QuartzCore.framework */; };
		3B2C92371367F62C00484A36 /* pin.png in Resources */ = {isa = PBXBuildFile; fileRef = 3B2C92351367F62C00484A36 /* pin.png */; };
		3B2C92381367F62C00484A36 /* pin@2x.png in Resources */ = {isa = PBXBuildFile; fileRef = 3B2C92361367F62C00484A36 /* pin@2x.png */; };
		3B2C923B136801E900484A36 /* empty.png in Resources */ = {isa = PBXBuildFile; fileRef = 3B2C9239136801E900484A36 /* empty.png */; };
		3B2C923C136801E900484A36 /* empty@2x.png in Resources */ = {isa = PBXBuildFile; fileRef = 3B2C923A136801E900484A36 /* empty@2x.png */; };
		3B4644FB1372C482009D3008 /* MapController.m in Sources */ = {isa = PBXBuildFile; fileRef = 3B4644E81372C482009D3008 /* MapController.m */; };
		3B4644FC1372C482009D3008 /* RootViewController.m in Sources */ = {isa = PBXBuildFile; fileRef = 3B4644EA1372C482009D3008 /* RootViewController.m */; };
		3B4644FD1372C482009D3008 /* UserAnnotation.m in Sources */ = {isa = PBXBuildFile; fileRef = 3B4644EC1372C482009D3008 /* UserAnnotation.m */; };
		3B4644FF1372C482009D3008 /* What__Where__How_MuchAppDelegate.m in Sources */ = {isa = PBXBuildFile; fileRef = 3B4644F01372C482009D3008 /* What__Where__How_MuchAppDelegate.m */; };
		3B4645001372C482009D3008 /* What.m in Sources */ = {isa = PBXBuildFile; fileRef = 3B4644F21372C482009D3008 /* What.m */; };
		3B4645011372C482009D3008 /* WhatDetailsController.m in Sources */ = {isa = PBXBuildFile; fileRef = 3B4644F41372C482009D3008 /* WhatDetailsController.m */; };
		3B4645021372C482009D3008 /* Where.m in Sources */ = {isa = PBXBuildFile; fileRef = 3B4644F61372C482009D3008 /* Where.m */; };
		3B4645031372C482009D3008 /* WhereDetailsController.m in Sources */ = {isa = PBXBuildFile; fileRef = 3B4644F81372C482009D3008 /* WhereDetailsController.m */; };
		3B6B071A132CEA73006D6E5E /* Icon.png in Resources */ = {isa = PBXBuildFile; fileRef = 3B6B0719132CEA73006D6E5E /* Icon.png */; };
		3B6B0722132CEB07006D6E5E /* Icon-72.png in Resources */ = {isa = PBXBuildFile; fileRef = 3B6B071F132CEB07006D6E5E /* Icon-72.png */; };
		3B6B0723132CEB07006D6E5E /* Icon@2x.png in Resources */ = {isa = PBXBuildFile; fileRef = 3B6B0720132CEB07006D6E5E /* Icon@2x.png */; };
		3B6B0724132CEB07006D6E5E /* iTunesArtwork in Resources */ = {isa = PBXBuildFile; fileRef = 3B6B0721132CEB07006D6E5E /* iTunesArtwork */; };
		3B950454132CB12A00686AC0 /* Localizable.strings in Resources */ = {isa = PBXBuildFile; fileRef = 3B950452132CB12A00686AC0 /* Localizable.strings */; };
		3B95046E132CB44C00686AC0 /* InfoPlist.strings in Resources */ = {isa = PBXBuildFile; fileRef = 3B95046D132CB44C00686AC0 /* InfoPlist.strings */; };
		3BCAC60D132B8A4D00C56658 /* MapKit.framework in Frameworks */ = {isa = PBXBuildFile; fileRef = 3BCAC60C132B8A4D00C56658 /* MapKit.framework */; };
		3BCAC615132B8B6800C56658 /* CoreLocation.framework in Frameworks */ = {isa = PBXBuildFile; fileRef = 3BCAC614132B8B6800C56658 /* CoreLocation.framework */; };
		3BE8A27115F337B40015F6EE /* WhatViewCell.m in Sources */ = {isa = PBXBuildFile; fileRef = 3BE8A27015F337B40015F6EE /* WhatViewCell.m */; };
		3BE8A27315F337E10015F6EE /* WhatViewCell.xib in Resources */ = {isa = PBXBuildFile; fileRef = 3BE8A27215F337E10015F6EE /* WhatViewCell.xib */; };
		3BEAB46013684B12000DA2B1 /* Default.png in Resources */ = {isa = PBXBuildFile; fileRef = 3BEAB45E13684B12000DA2B1 /* Default.png */; };
		3BEAB46113684B12000DA2B1 /* Default@2x.png in Resources */ = {isa = PBXBuildFile; fileRef = 3BEAB45F13684B12000DA2B1 /* Default@2x.png */; };
		3BF46702150C92BC00795041 /* MapController.xib in Resources */ = {isa = PBXBuildFile; fileRef = 3BF46703150C92BC00795041 /* MapController.xib */; };
		3BF46704150C951000795041 /* WhereDetailsController.xib in Resources */ = {isa = PBXBuildFile; fileRef = 3BF46705150C951000795041 /* WhereDetailsController.xib */; };
		3BF46706150C980700795041 /* WhatDetailsController.xib in Resources */ = {isa = PBXBuildFile; fileRef = 3BF46707150C980700795041 /* WhatDetailsController.xib */; };
		3BF46708150C99C600795041 /* MainWindow.xib in Resources */ = {isa = PBXBuildFile; fileRef = 3BF46709150C99C600795041 /* MainWindow.xib */; };
		3BF5E8C51344C0F50062F8E6 /* arrow.png in Resources */ = {isa = PBXBuildFile; fileRef = 3BF5E8C31344C0F40062F8E6 /* arrow.png */; };
		3BF5E8C61344C0F50062F8E6 /* arrow@2x.png in Resources */ = {isa = PBXBuildFile; fileRef = 3BF5E8C41344C0F50062F8E6 /* arrow@2x.png */; };
/* End PBXBuildFile section */

/* Begin PBXFileReference section */
		1D30AB110D05D00D00671497 /* Foundation.framework */ = {isa = PBXFileReference; lastKnownFileType = wrapper.framework; name = Foundation.framework; path = System/Library/Frameworks/Foundation.framework; sourceTree = SDKROOT; };
		1D6058910D05DD3D006BFB54 /* What and Where.app */ = {isa = PBXFileReference; explicitFileType = wrapper.application; includeInIndex = 0; path = "What and Where.app"; sourceTree = BUILT_PRODUCTS_DIR; };
		1DF5F4DF0D08C38300B7A737 /* UIKit.framework */ = {isa = PBXFileReference; lastKnownFileType = wrapper.framework; name = UIKit.framework; path = System/Library/Frameworks/UIKit.framework; sourceTree = SDKROOT; };
		28860B760F44E54D00985440 /* What__Where__How_Much.xcdatamodel */ = {isa = PBXFileReference; fileEncoding = 4; lastKnownFileType = wrapper.xcdatamodel; path = What__Where__How_Much.xcdatamodel; sourceTree = "<group>"; };
		28860BE40F44EE6400985440 /* CoreData.framework */ = {isa = PBXFileReference; lastKnownFileType = wrapper.framework; name = CoreData.framework; path = System/Library/Frameworks/CoreData.framework; sourceTree = SDKROOT; };
		2892E40F0DC94CBA00A64D0F /* CoreGraphics.framework */ = {isa = PBXFileReference; lastKnownFileType = wrapper.framework; name = CoreGraphics.framework; path = System/Library/Frameworks/CoreGraphics.framework; sourceTree = SDKROOT; };
		2899E55F0DE3E45000AC0155 /* RootViewController.xib */ = {isa = PBXFileReference; lastKnownFileType = file.xib; path = RootViewController.xib; sourceTree = "<group>"; };
		28A0AAE50D9B0CCF005BE974 /* What__Where__How_Much_Prefix.pch */ = {isa = PBXFileReference; fileEncoding = 4; lastKnownFileType = sourcecode.c.h; path = What__Where__How_Much_Prefix.pch; sourceTree = "<group>"; };
		29B97316FDCFA39411CA2CEA /* main.m */ = {isa = PBXFileReference; fileEncoding = 4; lastKnownFileType = sourcecode.c.objc; path = main.m; sourceTree = "<group>"; };
		3B0BFE5A150CA43700F71AB1 /* close_pressed.png */ = {isa = PBXFileReference; lastKnownFileType = image.png; path = close_pressed.png; sourceTree = "<group>"; };
		3B0BFE5B150CA43700F71AB1 /* close_pressed@2x.png */ = {isa = PBXFileReference; lastKnownFileType = image.png; path = "close_pressed@2x.png"; sourceTree = "<group>"; };
		3B0BFE5C150CA43700F71AB1 /* close.png */ = {isa = PBXFileReference; lastKnownFileType = image.png; path = close.png; sourceTree = "<group>"; };
		3B0BFE5D150CA43700F71AB1 /* close@2x.png */ = {isa = PBXFileReference; lastKnownFileType = image.png; path = "close@2x.png"; sourceTree = "<group>"; };
		3B200C78132CBFC4001C7168 /* QuartzCore.framework */ = {isa = PBXFileReference; lastKnownFileType = wrapper.framework; name = QuartzCore.framework; path = System/Library/Frameworks/QuartzCore.framework; sourceTree = SDKROOT; };
		3B2C92351367F62C00484A36 /* pin.png */ = {isa = PBXFileReference; lastKnownFileType = image.png; path = pin.png; sourceTree = "<group>"; };
		3B2C92361367F62C00484A36 /* pin@2x.png */ = {isa = PBXFileReference; lastKnownFileType = image.png; path = "pin@2x.png"; sourceTree = "<group>"; };
		3B2C9239136801E900484A36 /* empty.png */ = {isa = PBXFileReference; lastKnownFileType = image.png; path = empty.png; sourceTree = "<group>"; };
		3B2C923A136801E900484A36 /* empty@2x.png */ = {isa = PBXFileReference; lastKnownFileType = image.png; path = "empty@2x.png"; sourceTree = "<group>"; };
		3B4644E71372C482009D3008 /* MapController.h */ = {isa = PBXFileReference; fileEncoding = 4; lastKnownFileType = sourcecode.c.h; path = MapController.h; sourceTree = "<group>"; };
		3B4644E81372C482009D3008 /* MapController.m */ = {isa = PBXFileReference; fileEncoding = 4; lastKnownFileType = sourcecode.c.objc; path = MapController.m; sourceTree = "<group>"; };
		3B4644E91372C482009D3008 /* RootViewController.h */ = {isa = PBXFileReference; fileEncoding = 4; lastKnownFileType = sourcecode.c.h; path = RootViewController.h; sourceTree = "<group>"; };
		3B4644EA1372C482009D3008 /* RootViewController.m */ = {isa = PBXFileReference; fileEncoding = 4; lastKnownFileType = sourcecode.c.objc; path = RootViewController.m; sourceTree = "<group>"; };
		3B4644EB1372C482009D3008 /* UserAnnotation.h */ = {isa = PBXFileReference; fileEncoding = 4; lastKnownFileType = sourcecode.c.h; path = UserAnnotation.h; sourceTree = "<group>"; };
		3B4644EC1372C482009D3008 /* UserAnnotation.m */ = {isa = PBXFileReference; fileEncoding = 4; lastKnownFileType = sourcecode.c.objc; path = UserAnnotation.m; sourceTree = "<group>"; };
		3B4644EF1372C482009D3008 /* What__Where__How_MuchAppDelegate.h */ = {isa = PBXFileReference; fileEncoding = 4; lastKnownFileType = sourcecode.c.h; path = What__Where__How_MuchAppDelegate.h; sourceTree = "<group>"; };
		3B4644F01372C482009D3008 /* What__Where__How_MuchAppDelegate.m */ = {isa = PBXFileReference; fileEncoding = 4; lastKnownFileType = sourcecode.c.objc; path = What__Where__How_MuchAppDelegate.m; sourceTree = "<group>"; };
		3B4644F11372C482009D3008 /* What.h */ = {isa = PBXFileReference; fileEncoding = 4; lastKnownFileType = sourcecode.c.h; path = What.h; sourceTree = "<group>"; };
		3B4644F21372C482009D3008 /* What.m */ = {isa = PBXFileReference; fileEncoding = 4; lastKnownFileType = sourcecode.c.objc; path = What.m; sourceTree = "<group>"; };
		3B4644F31372C482009D3008 /* WhatDetailsController.h */ = {isa = PBXFileReference; fileEncoding = 4; lastKnownFileType = sourcecode.c.h; path = WhatDetailsController.h; sourceTree = "<group>"; };
		3B4644F41372C482009D3008 /* WhatDetailsController.m */ = {isa = PBXFileReference; fileEncoding = 4; lastKnownFileType = sourcecode.c.objc; path = WhatDetailsController.m; sourceTree = "<group>"; };
		3B4644F51372C482009D3008 /* Where.h */ = {isa = PBXFileReference; fileEncoding = 4; lastKnownFileType = sourcecode.c.h; path = Where.h; sourceTree = "<group>"; };
		3B4644F61372C482009D3008 /* Where.m */ = {isa = PBXFileReference; fileEncoding = 4; lastKnownFileType = sourcecode.c.objc; path = Where.m; sourceTree = "<group>"; };
		3B4644F71372C482009D3008 /* WhereDetailsController.h */ = {isa = PBXFileReference; fileEncoding = 4; lastKnownFileType = sourcecode.c.h; path = WhereDetailsController.h; sourceTree = "<group>"; };
		3B4644F81372C482009D3008 /* WhereDetailsController.m */ = {isa = PBXFileReference; fileEncoding = 4; lastKnownFileType = sourcecode.c.objc; path = WhereDetailsController.m; sourceTree = "<group>"; };
		3B6B0719132CEA73006D6E5E /* Icon.png */ = {isa = PBXFileReference; lastKnownFileType = image.png; path = Icon.png; sourceTree = "<group>"; };
		3B6B071F132CEB07006D6E5E /* Icon-72.png */ = {isa = PBXFileReference; lastKnownFileType = image.png; path = "Icon-72.png"; sourceTree = "<group>"; };
		3B6B0720132CEB07006D6E5E /* Icon@2x.png */ = {isa = PBXFileReference; lastKnownFileType = image.png; path = "Icon@2x.png"; sourceTree = "<group>"; };
		3B6B0721132CEB07006D6E5E /* iTunesArtwork */ = {isa = PBXFileReference; lastKnownFileType = text; path = iTunesArtwork; sourceTree = "<group>"; };
		3B94E22E143CA428003F58B4 /* macros.h */ = {isa = PBXFileReference; fileEncoding = 4; lastKnownFileType = sourcecode.c.h; path = macros.h; sourceTree = "<group>"; };
		3B950453132CB12A00686AC0 /* English */ = {isa = PBXFileReference; fileEncoding = 4; lastKnownFileType = text.plist.strings; name = English; path = English.lproj/Localizable.strings; sourceTree = "<group>"; };
		3B950455132CB13800686AC0 /* French */ = {isa = PBXFileReference; lastKnownFileType = text.plist.strings; name = French; path = French.lproj/Localizable.strings; sourceTree = "<group>"; };
		3B95046B132CB44500686AC0 /* English */ = {isa = PBXFileReference; fileEncoding = 4; lastKnownFileType = text.plist.strings; name = English; path = English.lproj/InfoPlist.strings; sourceTree = "<group>"; };
		3B95046F132CB45700686AC0 /* French */ = {isa = PBXFileReference; lastKnownFileType = text.plist.strings; name = French; path = French.lproj/InfoPlist.strings; sourceTree = "<group>"; };
		3BCAC60C132B8A4D00C56658 /* MapKit.framework */ = {isa = PBXFileReference; lastKnownFileType = wrapper.framework; name = MapKit.framework; path = System/Library/Frameworks/MapKit.framework; sourceTree = SDKROOT; };
		3BCAC614132B8B6800C56658 /* CoreLocation.framework */ = {isa = PBXFileReference; lastKnownFileType = wrapper.framework; name = CoreLocation.framework; path = System/Library/Frameworks/CoreLocation.framework; sourceTree = SDKROOT; };
		3BE8A26F15F337B40015F6EE /* WhatViewCell.h */ = {isa = PBXFileReference; fileEncoding = 4; lastKnownFileType = sourcecode.c.h; path = WhatViewCell.h; sourceTree = "<group>"; };
		3BE8A27015F337B40015F6EE /* WhatViewCell.m */ = {isa = PBXFileReference; fileEncoding = 4; lastKnownFileType = sourcecode.c.objc; path = WhatViewCell.m; sourceTree = "<group>"; };
		3BE8A27215F337E10015F6EE /* WhatViewCell.xib */ = {isa = PBXFileReference; fileEncoding = 4; lastKnownFileType = file.xib; path = WhatViewCell.xib; sourceTree = "<group>"; };
		3BEAB45E13684B12000DA2B1 /* Default.png */ = {isa = PBXFileReference; lastKnownFileType = image.png; path = Default.png; sourceTree = "<group>"; };
		3BEAB45F13684B12000DA2B1 /* Default@2x.png */ = {isa = PBXFileReference; lastKnownFileType = image.png; path = "Default@2x.png"; sourceTree = "<group>"; };
		3BF46703150C92BC00795041 /* MapController.xib */ = {isa = PBXFileReference; lastKnownFileType = file.xib; path = MapController.xib; sourceTree = "<group>"; };
		3BF46705150C951000795041 /* WhereDetailsController.xib */ = {isa = PBXFileReference; lastKnownFileType = file.xib; path = WhereDetailsController.xib; sourceTree = "<group>"; };
		3BF46707150C980700795041 /* WhatDetailsController.xib */ = {isa = PBXFileReference; lastKnownFileType = file.xib; path = WhatDetailsController.xib; sourceTree = "<group>"; };
		3BF46709150C99C600795041 /* MainWindow.xib */ = {isa = PBXFileReference; lastKnownFileType = file.xib; path = MainWindow.xib; sourceTree = "<group>"; };
		3BF5E8C31344C0F40062F8E6 /* arrow.png */ = {isa = PBXFileReference; lastKnownFileType = image.png; path = arrow.png; sourceTree = "<group>"; };
		3BF5E8C41344C0F50062F8E6 /* arrow@2x.png */ = {isa = PBXFileReference; lastKnownFileType = image.png; path = "arrow@2x.png"; sourceTree = "<group>"; };
		8D1107310486CEB800E47090 /* Info.plist */ = {isa = PBXFileReference; fileEncoding = 4; lastKnownFileType = text.plist.xml; path = Info.plist; plistStructureDefinitionIdentifier = "com.apple.xcode.plist.structure-definition.iphone.info-plist"; sourceTree = "<group>"; };
/* End PBXFileReference section */

/* Begin PBXFrameworksBuildPhase section */
		1D60588F0D05DD3D006BFB54 /* Frameworks */ = {
			isa = PBXFrameworksBuildPhase;
			buildActionMask = 2147483647;
			files = (
				1D60589F0D05DD5A006BFB54 /* Foundation.framework in Frameworks */,
				1DF5F4E00D08C38300B7A737 /* UIKit.framework in Frameworks */,
				2892E4100DC94CBA00A64D0F /* CoreGraphics.framework in Frameworks */,
				28860BE50F44EE6400985440 /* CoreData.framework in Frameworks */,
				3BCAC60D132B8A4D00C56658 /* MapKit.framework in Frameworks */,
				3BCAC615132B8B6800C56658 /* CoreLocation.framework in Frameworks */,
				3B200C79132CBFC4001C7168 /* QuartzCore.framework in Frameworks */,
			);
			runOnlyForDeploymentPostprocessing = 0;
		};
/* End PBXFrameworksBuildPhase section */

/* Begin PBXGroup section */
		080E96DDFE201D6D7F000001 /* Classes */ = {
			isa = PBXGroup;
			children = (
				3BF466FF150C8C3200795041 /* Controllers */,
				3BF466FE150C8BF900795041 /* Data Model */,
				3BF46701150C8C9700795041 /* Utils */,
				3B4644EF1372C482009D3008 /* What__Where__How_MuchAppDelegate.h */,
				3B4644F01372C482009D3008 /* What__Where__How_MuchAppDelegate.m */,
			);
			name = Classes;
			path = "What and Where";
			sourceTree = SOURCE_ROOT;
		};
		19C28FACFE9D520D11CA2CBB /* Products */ = {
			isa = PBXGroup;
			children = (
				1D6058910D05DD3D006BFB54 /* What and Where.app */,
			);
			name = Products;
			sourceTree = "<group>";
		};
		29B97314FDCFA39411CA2CEA /* CustomTemplate */ = {
			isa = PBXGroup;
			children = (
				080E96DDFE201D6D7F000001 /* Classes */,
				29B97315FDCFA39411CA2CEA /* Other Sources */,
				29B97317FDCFA39411CA2CEA /* Resources */,
				29B97323FDCFA39411CA2CEA /* Frameworks */,
				19C28FACFE9D520D11CA2CBB /* Products */,
			);
			name = CustomTemplate;
			sourceTree = "<group>";
		};
		29B97315FDCFA39411CA2CEA /* Other Sources */ = {
			isa = PBXGroup;
			children = (
				28A0AAE50D9B0CCF005BE974 /* What__Where__How_Much_Prefix.pch */,
				29B97316FDCFA39411CA2CEA /* main.m */,
			);
			name = "Other Sources";
			path = "What and Where";
			sourceTree = SOURCE_ROOT;
		};
		29B97317FDCFA39411CA2CEA /* Resources */ = {
			isa = PBXGroup;
			children = (
				3BF46700150C8C7B00795041 /* Images */,
				3BEAB45E13684B12000DA2B1 /* Default.png */,
				3BEAB45F13684B12000DA2B1 /* Default@2x.png */,
				3B6B071F132CEB07006D6E5E /* Icon-72.png */,
				3B6B0720132CEB07006D6E5E /* Icon@2x.png */,
				3B6B0719132CEA73006D6E5E /* Icon.png */,
				3B6B0721132CEB07006D6E5E /* iTunesArtwork */,
				8D1107310486CEB800E47090 /* Info.plist */,
				3B95046D132CB44C00686AC0 /* InfoPlist.strings */,
				3B950452132CB12A00686AC0 /* Localizable.strings */,
			);
			name = Resources;
			path = "What and Where";
			sourceTree = SOURCE_ROOT;
		};
		29B97323FDCFA39411CA2CEA /* Frameworks */ = {
			isa = PBXGroup;
			children = (
				1DF5F4DF0D08C38300B7A737 /* UIKit.framework */,
				1D30AB110D05D00D00671497 /* Foundation.framework */,
				2892E40F0DC94CBA00A64D0F /* CoreGraphics.framework */,
				28860BE40F44EE6400985440 /* CoreData.framework */,
				3BCAC60C132B8A4D00C56658 /* MapKit.framework */,
				3BCAC614132B8B6800C56658 /* CoreLocation.framework */,
				3B200C78132CBFC4001C7168 /* QuartzCore.framework */,
			);
			name = Frameworks;
			sourceTree = "<group>";
		};
		3BF466FE150C8BF900795041 /* Data Model */ = {
			isa = PBXGroup;
			children = (
				3B4644F11372C482009D3008 /* What.h */,
				3B4644F21372C482009D3008 /* What.m */,
				3B4644F51372C482009D3008 /* Where.h */,
				3B4644F61372C482009D3008 /* Where.m */,
				28D3F201112F7DC200FD0661 /* What__Where__How_Much.xcdatamodeld */,
			);
			name = "Data Model";
			sourceTree = "<group>";
		};
		3BF466FF150C8C3200795041 /* Controllers */ = {
			isa = PBXGroup;
			children = (
				3BF46709150C99C600795041 /* MainWindow.xib */,
				3B4644E91372C482009D3008 /* RootViewController.h */,
				3B4644EA1372C482009D3008 /* RootViewController.m */,
				2899E55F0DE3E45000AC0155 /* RootViewController.xib */,
				3BE8A26F15F337B40015F6EE /* WhatViewCell.h */,
				3BE8A27015F337B40015F6EE /* WhatViewCell.m */,
				3BE8A27215F337E10015F6EE /* WhatViewCell.xib */,
				3B4644E71372C482009D3008 /* MapController.h */,
				3B4644E81372C482009D3008 /* MapController.m */,
				3BF46703150C92BC00795041 /* MapController.xib */,
				3B4644F31372C482009D3008 /* WhatDetailsController.h */,
				3B4644F41372C482009D3008 /* WhatDetailsController.m */,
				3BF46707150C980700795041 /* WhatDetailsController.xib */,
				3B4644F71372C482009D3008 /* WhereDetailsController.h */,
				3B4644F81372C482009D3008 /* WhereDetailsController.m */,
				3BF46705150C951000795041 /* WhereDetailsController.xib */,
			);
			name = Controllers;
			sourceTree = "<group>";
		};
		3BF46700150C8C7B00795041 /* Images */ = {
			isa = PBXGroup;
			children = (
				3BF5E8C31344C0F40062F8E6 /* arrow.png */,
				3BF5E8C41344C0F50062F8E6 /* arrow@2x.png */,
				3B0BFE5A150CA43700F71AB1 /* close_pressed.png */,
				3B0BFE5B150CA43700F71AB1 /* close_pressed@2x.png */,
				3B0BFE5C150CA43700F71AB1 /* close.png */,
				3B0BFE5D150CA43700F71AB1 /* close@2x.png */,
				3B2C9239136801E900484A36 /* empty.png */,
				3B2C923A136801E900484A36 /* empty@2x.png */,
				3B2C92351367F62C00484A36 /* pin.png */,
				3B2C92361367F62C00484A36 /* pin@2x.png */,
			);
			name = Images;
			sourceTree = "<group>";
		};
		3BF46701150C8C9700795041 /* Utils */ = {
			isa = PBXGroup;
			children = (
				3B94E22E143CA428003F58B4 /* macros.h */,
				3B4644EB1372C482009D3008 /* UserAnnotation.h */,
				3B4644EC1372C482009D3008 /* UserAnnotation.m */,
			);
			name = Utils;
			sourceTree = "<group>";
		};
/* End PBXGroup section */

/* Begin PBXNativeTarget section */
		1D6058900D05DD3D006BFB54 /* What and Where */ = {
			isa = PBXNativeTarget;
			buildConfigurationList = 1D6058960D05DD3E006BFB54 /* Build configuration list for PBXNativeTarget "What and Where" */;
			buildPhases = (
				1D60588D0D05DD3D006BFB54 /* Resources */,
				1D60588E0D05DD3D006BFB54 /* Sources */,
				1D60588F0D05DD3D006BFB54 /* Frameworks */,
			);
			buildRules = (
			);
			dependencies = (
			);
			name = "What and Where";
			productName = "What, Where, How Much";
			productReference = 1D6058910D05DD3D006BFB54 /* What and Where.app */;
			productType = "com.apple.product-type.application";
		};
/* End PBXNativeTarget section */

/* Begin PBXProject section */
		29B97313FDCFA39411CA2CEA /* Project object */ = {
			isa = PBXProject;
			attributes = {
				LastUpgradeCheck = 0430;
			};
			buildConfigurationList = C01FCF4E08A954540054247B /* Build configuration list for PBXProject "What and Where" */;
			compatibilityVersion = "Xcode 3.2";
			developmentRegion = English;
			hasScannedForEncodings = 1;
			knownRegions = (
				English,
				Japanese,
				French,
				German,
				en,
			);
			mainGroup = 29B97314FDCFA39411CA2CEA /* CustomTemplate */;
			projectDirPath = "";
			projectRoot = "";
			targets = (
				1D6058900D05DD3D006BFB54 /* What and Where */,
			);
		};
/* End PBXProject section */

/* Begin PBXResourcesBuildPhase section */
		1D60588D0D05DD3D006BFB54 /* Resources */ = {
			isa = PBXResourcesBuildPhase;
			buildActionMask = 2147483647;
			files = (
				3BF46708150C99C600795041 /* MainWindow.xib in Resources */,
				2899E5600DE3E45000AC0155 /* RootViewController.xib in Resources */,
				3B950454132CB12A00686AC0 /* Localizable.strings in Resources */,
				3B95046E132CB44C00686AC0 /* InfoPlist.strings in Resources */,
				3B6B071A132CEA73006D6E5E /* Icon.png in Resources */,
				3B6B0722132CEB07006D6E5E /* Icon-72.png in Resources */,
				3B6B0723132CEB07006D6E5E /* Icon@2x.png in Resources */,
				3B6B0724132CEB07006D6E5E /* iTunesArtwork in Resources */,
				3BF5E8C51344C0F50062F8E6 /* arrow.png in Resources */,
				3BF5E8C61344C0F50062F8E6 /* arrow@2x.png in Resources */,
				3B2C92371367F62C00484A36 /* pin.png in Resources */,
				3B2C92381367F62C00484A36 /* pin@2x.png in Resources */,
				3B2C923B136801E900484A36 /* empty.png in Resources */,
				3B2C923C136801E900484A36 /* empty@2x.png in Resources */,
				3BEAB46013684B12000DA2B1 /* Default.png in Resources */,
				3BEAB46113684B12000DA2B1 /* Default@2x.png in Resources */,
				3BF46702150C92BC00795041 /* MapController.xib in Resources */,
				3BF46706150C980700795041 /* WhatDetailsController.xib in Resources */,
				3BF46704150C951000795041 /* WhereDetailsController.xib in Resources */,
				3B0BFE5E150CA43700F71AB1 /* close_pressed.png in Resources */,
				3B0BFE5F150CA43700F71AB1 /* close_pressed@2x.png in Resources */,
				3B0BFE60150CA43700F71AB1 /* close.png in Resources */,
				3B0BFE61150CA43700F71AB1 /* close@2x.png in Resources */,
				3BE8A27315F337E10015F6EE /* WhatViewCell.xib in Resources */,
			);
			runOnlyForDeploymentPostprocessing = 0;
		};
/* End PBXResourcesBuildPhase section */

/* Begin PBXSourcesBuildPhase section */
		1D60588E0D05DD3D006BFB54 /* Sources */ = {
			isa = PBXSourcesBuildPhase;
			buildActionMask = 2147483647;
			files = (
				1D60589B0D05DD56006BFB54 /* main.m in Sources */,
				28D3F202112F7DC200FD0661 /* What__Where__How_Much.xcdatamodeld in Sources */,
				3B4644FB1372C482009D3008 /* MapController.m in Sources */,
				3B4644FC1372C482009D3008 /* RootViewController.m in Sources */,
				3B4644FD1372C482009D3008 /* UserAnnotation.m in Sources */,
				3B4644FF1372C482009D3008 /* What__Where__How_MuchAppDelegate.m in Sources */,
				3B4645001372C482009D3008 /* What.m in Sources */,
				3B4645011372C482009D3008 /* WhatDetailsController.m in Sources */,
				3B4645021372C482009D3008 /* Where.m in Sources */,
				3B4645031372C482009D3008 /* WhereDetailsController.m in Sources */,
				3BE8A27115F337B40015F6EE /* WhatViewCell.m in Sources */,
			);
			runOnlyForDeploymentPostprocessing = 0;
		};
/* End PBXSourcesBuildPhase section */

/* Begin PBXVariantGroup section */
		3B950452132CB12A00686AC0 /* Localizable.strings */ = {
			isa = PBXVariantGroup;
			children = (
				3B950453132CB12A00686AC0 /* English */,
				3B950455132CB13800686AC0 /* French */,
			);
			name = Localizable.strings;
			sourceTree = "<group>";
		};
		3B95046D132CB44C00686AC0 /* InfoPlist.strings */ = {
			isa = PBXVariantGroup;
			children = (
				3B95046B132CB44500686AC0 /* English */,
				3B95046F132CB45700686AC0 /* French */,
			);
			name = InfoPlist.strings;
			sourceTree = "<group>";
		};
/* End PBXVariantGroup section */

/* Begin XCBuildConfiguration section */
		1D6058940D05DD3E006BFB54 /* Debug */ = {
			isa = XCBuildConfiguration;
			buildSettings = {
				ALWAYS_SEARCH_USER_PATHS = NO;
				CLANG_ENABLE_OBJC_ARC = YES;
				CODE_SIGN_IDENTITY = "iPhone Developer: Arnaud Boudou (RTC3674WRG)";
				COPY_PHASE_STRIP = NO;
				GCC_DYNAMIC_NO_PIC = NO;
				GCC_OPTIMIZATION_LEVEL = 0;
				GCC_PRECOMPILE_PREFIX_HEADER = YES;
				GCC_PREFIX_HEADER = "What and Where/What__Where__How_Much_Prefix.pch";
				GCC_THUMB_SUPPORT = NO;
				INFOPLIST_FILE = "What and Where/Info.plist";
				IPHONEOS_DEPLOYMENT_TARGET = 5.0;
				PRODUCT_NAME = "What and Where";
				PROVISIONING_PROFILE = "F7C69B05-4C09-49D7-828C-9489A6F5E5BE";
			};
			name = Debug;
		};
		1D6058950D05DD3E006BFB54 /* Release */ = {
			isa = XCBuildConfiguration;
			buildSettings = {
				ALWAYS_SEARCH_USER_PATHS = NO;
				CLANG_ENABLE_OBJC_ARC = YES;
				CODE_SIGN_IDENTITY = "iPhone Distribution: Arnaud Boudou";
				COPY_PHASE_STRIP = YES;
				GCC_PRECOMPILE_PREFIX_HEADER = YES;
				GCC_PREFIX_HEADER = "What and Where/What__Where__How_Much_Prefix.pch";
				GCC_THUMB_SUPPORT = NO;
				INFOPLIST_FILE = "What and Where/Info.plist";
				IPHONEOS_DEPLOYMENT_TARGET = 5.0;
				PRODUCT_NAME = "What and Where";
				PROVISIONING_PROFILE = "3E1E6784-5B5A-428C-B4EF-87DA53AA410D";
				VALIDATE_PRODUCT = YES;
			};
			name = Release;
		};
		C01FCF4F08A954540054247B /* Debug */ = {
			isa = XCBuildConfiguration;
			buildSettings = {
				ARCHS = "$(ARCHS_STANDARD_32_BIT)";
				CODE_SIGN_IDENTITY = "iPhone Developer: Arnaud Boudou (RTC3674WRG)";
				GCC_C_LANGUAGE_STANDARD = c99;
				GCC_THUMB_SUPPORT = NO;
				GCC_VERSION = "";
				GCC_WARN_ABOUT_MISSING_PROTOTYPES = YES;
				GCC_WARN_ABOUT_RETURN_TYPE = YES;
				GCC_WARN_UNUSED_VARIABLE = YES;
				IPHONEOS_DEPLOYMENT_TARGET = 5.0;
				PROVISIONING_PROFILE = "F7C69B05-4C09-49D7-828C-9489A6F5E5BE";
				SDKROOT = iphoneos;
				TARGETED_DEVICE_FAMILY = 1;
			};
			name = Debug;
		};
		C01FCF5008A954540054247B /* Release */ = {
			isa = XCBuildConfiguration;
			buildSettings = {
				ARCHS = "$(ARCHS_STANDARD_32_BIT)";
				CODE_SIGN_IDENTITY = "iPhone Distribution: Arnaud Boudou";
				GCC_C_LANGUAGE_STANDARD = c99;
				GCC_THUMB_SUPPORT = NO;
				GCC_VERSION = "";
				GCC_WARN_ABOUT_MISSING_PROTOTYPES = YES;
				GCC_WARN_ABOUT_RETURN_TYPE = YES;
				GCC_WARN_UNUSED_VARIABLE = YES;
				IPHONEOS_DEPLOYMENT_TARGET = 5.0;
				OTHER_CFLAGS = "-DNS_BLOCK_ASSERTIONS=1";
				PROVISIONING_PROFILE = "3E1E6784-5B5A-428C-B4EF-87DA53AA410D";
				SDKROOT = iphoneos;
				TARGETED_DEVICE_FAMILY = 1;
				VALIDATE_PRODUCT = YES;
			};
			name = Release;
		};
/* End XCBuildConfiguration section */

/* Begin XCConfigurationList section */
		1D6058960D05DD3E006BFB54 /* Build configuration list for PBXNativeTarget "What and Where" */ = {
			isa = XCConfigurationList;
			buildConfigurations = (
				1D6058940D05DD3E006BFB54 /* Debug */,
				1D6058950D05DD3E006BFB54 /* Release */,
			);
			defaultConfigurationIsVisible = 0;
			defaultConfigurationName = Release;
		};
		C01FCF4E08A954540054247B /* Build configuration list for PBXProject "What and Where" */ = {
			isa = XCConfigurationList;
			buildConfigurations = (
				C01FCF4F08A954540054247B /* Debug */,
				C01FCF5008A954540054247B /* Release */,
			);
			defaultConfigurationIsVisible = 0;
			defaultConfigurationName = Release;
		};
/* End XCConfigurationList section */

/* Begin XCVersionGroup section */
		28D3F201112F7DC200FD0661 /* What__Where__How_Much.xcdatamodeld */ = {
			isa = XCVersionGroup;
			children = (
				28860B760F44E54D00985440 /* What__Where__How_Much.xcdatamodel */,
			);
			currentVersion = 28860B760F44E54D00985440 /* What__Where__How_Much.xcdatamodel */;
			path = What__Where__How_Much.xcdatamodeld;
			sourceTree = "<group>";
			versionGroupType = wrapper.xcdatamodel;
		};
/* End XCVersionGroup section */
	};
	rootObject = 29B97313FDCFA39411CA2CEA /* Project object */;
}
